// !$*UTF8*$!
{
	archiveVersion = 1;
	classes = {
	};
	objectVersion = 56;
	objects = {

/* Begin PBXBuildFile section */
		D8BAF6EC2B807E5400704DCA /* ProofPixApp.swift in Sources */ = {isa = PBXBuildFile; fileRef = D8BAF6EB2B807E5400704DCA /* ProofPixApp.swift */; };
		D8BAF6EE2B807E5400704DCA /* ContentView.swift in Sources */ = {isa = PBXBuildFile; fileRef = D8BAF6ED2B807E5400704DCA /* ContentView.swift */; };
		D8BAF6F02B807E5600704DCA /* Assets.xcassets in Resources */ = {isa = PBXBuildFile; fileRef = D8BAF6EF2B807E5600704DCA /* Assets.xcassets */; };
		D8BAF6F32B807E5600704DCA /* Preview Assets.xcassets in Resources */ = {isa = PBXBuildFile; fileRef = D8BAF6F22B807E5600704DCA /* Preview Assets.xcassets */; };
		D8BAF6F52B807E5600704DCA /* Persistence.swift in Sources */ = {isa = PBXBuildFile; fileRef = D8BAF6F42B807E5600704DCA /* Persistence.swift */; };
		D8BAF6F82B807E5600704DCA /* ProofPix.xcdatamodeld in Sources */ = {isa = PBXBuildFile; fileRef = D8BAF6F62B807E5600704DCA /* ProofPix.xcdatamodeld */; };
		D8BAF7022B807E5700704DCA /* ProofPixTests.swift in Sources */ = {isa = PBXBuildFile; fileRef = D8BAF7012B807E5700704DCA /* ProofPixTests.swift */; };
		D8BAF70C2B807E5700704DCA /* ProofPixUITests.swift in Sources */ = {isa = PBXBuildFile; fileRef = D8BAF70B2B807E5700704DCA /* ProofPixUITests.swift */; };
		D8BAF70E2B807E5700704DCA /* ProofPixUITestsLaunchTests.swift in Sources */ = {isa = PBXBuildFile; fileRef = D8BAF70D2B807E5700704DCA /* ProofPixUITestsLaunchTests.swift */; };
		D8BAF71C2B80853400704DCA /* CameraViewController.swift in Sources */ = {isa = PBXBuildFile; fileRef = D8BAF71B2B80853400704DCA /* CameraViewController.swift */; };
		D8BAF71E2B80C8C800704DCA /* SecureEnclaveManager.swift in Sources */ = {isa = PBXBuildFile; fileRef = D8BAF71D2B80C8C700704DCA /* SecureEnclaveManager.swift */; };
/* End PBXBuildFile section */

/* Begin PBXContainerItemProxy section */
		D8BAF6FE2B807E5700704DCA /* PBXContainerItemProxy */ = {
			isa = PBXContainerItemProxy;
			containerPortal = D8BAF6E02B807E5400704DCA /* Project object */;
			proxyType = 1;
			remoteGlobalIDString = D8BAF6E72B807E5400704DCA;
			remoteInfo = ProofPix;
		};
		D8BAF7082B807E5700704DCA /* PBXContainerItemProxy */ = {
			isa = PBXContainerItemProxy;
			containerPortal = D8BAF6E02B807E5400704DCA /* Project object */;
			proxyType = 1;
			remoteGlobalIDString = D8BAF6E72B807E5400704DCA;
			remoteInfo = ProofPix;
		};
/* End PBXContainerItemProxy section */

/* Begin PBXFileReference section */
		D8BAF6E82B807E5400704DCA /* ProofPix.app */ = {isa = PBXFileReference; explicitFileType = wrapper.application; includeInIndex = 0; path = ProofPix.app; sourceTree = BUILT_PRODUCTS_DIR; };
		D8BAF6EB2B807E5400704DCA /* ProofPixApp.swift */ = {isa = PBXFileReference; lastKnownFileType = sourcecode.swift; path = ProofPixApp.swift; sourceTree = "<group>"; };
		D8BAF6ED2B807E5400704DCA /* ContentView.swift */ = {isa = PBXFileReference; lastKnownFileType = sourcecode.swift; path = ContentView.swift; sourceTree = "<group>"; };
		D8BAF6EF2B807E5600704DCA /* Assets.xcassets */ = {isa = PBXFileReference; lastKnownFileType = folder.assetcatalog; path = Assets.xcassets; sourceTree = "<group>"; };
		D8BAF6F22B807E5600704DCA /* Preview Assets.xcassets */ = {isa = PBXFileReference; lastKnownFileType = folder.assetcatalog; path = "Preview Assets.xcassets"; sourceTree = "<group>"; };
		D8BAF6F42B807E5600704DCA /* Persistence.swift */ = {isa = PBXFileReference; lastKnownFileType = sourcecode.swift; path = Persistence.swift; sourceTree = "<group>"; };
		D8BAF6F72B807E5600704DCA /* ProofPix.xcdatamodel */ = {isa = PBXFileReference; lastKnownFileType = wrapper.xcdatamodel; path = ProofPix.xcdatamodel; sourceTree = "<group>"; };
		D8BAF6FD2B807E5700704DCA /* ProofPixTests.xctest */ = {isa = PBXFileReference; explicitFileType = wrapper.cfbundle; includeInIndex = 0; path = ProofPixTests.xctest; sourceTree = BUILT_PRODUCTS_DIR; };
		D8BAF7012B807E5700704DCA /* ProofPixTests.swift */ = {isa = PBXFileReference; lastKnownFileType = sourcecode.swift; path = ProofPixTests.swift; sourceTree = "<group>"; };
		D8BAF7072B807E5700704DCA /* ProofPixUITests.xctest */ = {isa = PBXFileReference; explicitFileType = wrapper.cfbundle; includeInIndex = 0; path = ProofPixUITests.xctest; sourceTree = BUILT_PRODUCTS_DIR; };
		D8BAF70B2B807E5700704DCA /* ProofPixUITests.swift */ = {isa = PBXFileReference; lastKnownFileType = sourcecode.swift; path = ProofPixUITests.swift; sourceTree = "<group>"; };
		D8BAF70D2B807E5700704DCA /* ProofPixUITestsLaunchTests.swift */ = {isa = PBXFileReference; lastKnownFileType = sourcecode.swift; path = ProofPixUITestsLaunchTests.swift; sourceTree = "<group>"; };
		D8BAF71A2B8082A500704DCA /* Info.plist */ = {isa = PBXFileReference; lastKnownFileType = text.plist; path = Info.plist; sourceTree = "<group>"; };
		D8BAF71B2B80853400704DCA /* CameraViewController.swift */ = {isa = PBXFileReference; lastKnownFileType = sourcecode.swift; path = CameraViewController.swift; sourceTree = "<group>"; };
		D8BAF71D2B80C8C700704DCA /* SecureEnclaveManager.swift */ = {isa = PBXFileReference; lastKnownFileType = sourcecode.swift; path = SecureEnclaveManager.swift; sourceTree = "<group>"; };
/* End PBXFileReference section */

/* Begin PBXFrameworksBuildPhase section */
		D8BAF6E52B807E5400704DCA /* Frameworks */ = {
			isa = PBXFrameworksBuildPhase;
			buildActionMask = 2147483647;
			files = (
			);
			runOnlyForDeploymentPostprocessing = 0;
		};
		D8BAF6FA2B807E5700704DCA /* Frameworks */ = {
			isa = PBXFrameworksBuildPhase;
			buildActionMask = 2147483647;
			files = (
			);
			runOnlyForDeploymentPostprocessing = 0;
		};
		D8BAF7042B807E5700704DCA /* Frameworks */ = {
			isa = PBXFrameworksBuildPhase;
			buildActionMask = 2147483647;
			files = (
			);
			runOnlyForDeploymentPostprocessing = 0;
		};
/* End PBXFrameworksBuildPhase section */

/* Begin PBXGroup section */
		D8BAF6DF2B807E5400704DCA = {
			isa = PBXGroup;
			children = (
				D8BAF6EA2B807E5400704DCA /* ProofPix */,
				D8BAF7002B807E5700704DCA /* ProofPixTests */,
				D8BAF70A2B807E5700704DCA /* ProofPixUITests */,
				D8BAF6E92B807E5400704DCA /* Products */,
			);
			sourceTree = "<group>";
		};
		D8BAF6E92B807E5400704DCA /* Products */ = {
			isa = PBXGroup;
			children = (
				D8BAF6E82B807E5400704DCA /* ProofPix.app */,
				D8BAF6FD2B807E5700704DCA /* ProofPixTests.xctest */,
				D8BAF7072B807E5700704DCA /* ProofPixUITests.xctest */,
			);
			name = Products;
			sourceTree = "<group>";
		};
		D8BAF6EA2B807E5400704DCA /* ProofPix */ = {
			isa = PBXGroup;
			children = (
				D8BAF71A2B8082A500704DCA /* Info.plist */,
				D8BAF6EB2B807E5400704DCA /* ProofPixApp.swift */,
				D8BAF71D2B80C8C700704DCA /* SecureEnclaveManager.swift */,
				D8BAF6ED2B807E5400704DCA /* ContentView.swift */,
				D8BAF71B2B80853400704DCA /* CameraViewController.swift */,
				D8BAF6EF2B807E5600704DCA /* Assets.xcassets */,
				D8BAF6F42B807E5600704DCA /* Persistence.swift */,
				D8BAF6F62B807E5600704DCA /* ProofPix.xcdatamodeld */,
				D8BAF6F12B807E5600704DCA /* Preview Content */,
			);
			path = ProofPix;
			sourceTree = "<group>";
		};
		D8BAF6F12B807E5600704DCA /* Preview Content */ = {
			isa = PBXGroup;
			children = (
				D8BAF6F22B807E5600704DCA /* Preview Assets.xcassets */,
			);
			path = "Preview Content";
			sourceTree = "<group>";
		};
		D8BAF7002B807E5700704DCA /* ProofPixTests */ = {
			isa = PBXGroup;
			children = (
				D8BAF7012B807E5700704DCA /* ProofPixTests.swift */,
			);
			path = ProofPixTests;
			sourceTree = "<group>";
		};
		D8BAF70A2B807E5700704DCA /* ProofPixUITests */ = {
			isa = PBXGroup;
			children = (
				D8BAF70B2B807E5700704DCA /* ProofPixUITests.swift */,
				D8BAF70D2B807E5700704DCA /* ProofPixUITestsLaunchTests.swift */,
			);
			path = ProofPixUITests;
			sourceTree = "<group>";
		};
/* End PBXGroup section */

/* Begin PBXNativeTarget section */
		D8BAF6E72B807E5400704DCA /* ProofPix */ = {
			isa = PBXNativeTarget;
			buildConfigurationList = D8BAF7112B807E5700704DCA /* Build configuration list for PBXNativeTarget "ProofPix" */;
			buildPhases = (
				D8BAF6E42B807E5400704DCA /* Sources */,
				D8BAF6E52B807E5400704DCA /* Frameworks */,
				D8BAF6E62B807E5400704DCA /* Resources */,
			);
			buildRules = (
			);
			dependencies = (
			);
			name = ProofPix;
			productName = ProofPix;
			productReference = D8BAF6E82B807E5400704DCA /* ProofPix.app */;
			productType = "com.apple.product-type.application";
		};
		D8BAF6FC2B807E5700704DCA /* ProofPixTests */ = {
			isa = PBXNativeTarget;
			buildConfigurationList = D8BAF7142B807E5700704DCA /* Build configuration list for PBXNativeTarget "ProofPixTests" */;
			buildPhases = (
				D8BAF6F92B807E5700704DCA /* Sources */,
				D8BAF6FA2B807E5700704DCA /* Frameworks */,
				D8BAF6FB2B807E5700704DCA /* Resources */,
			);
			buildRules = (
			);
			dependencies = (
				D8BAF6FF2B807E5700704DCA /* PBXTargetDependency */,
			);
			name = ProofPixTests;
			productName = ProofPixTests;
			productReference = D8BAF6FD2B807E5700704DCA /* ProofPixTests.xctest */;
			productType = "com.apple.product-type.bundle.unit-test";
		};
		D8BAF7062B807E5700704DCA /* ProofPixUITests */ = {
			isa = PBXNativeTarget;
			buildConfigurationList = D8BAF7172B807E5700704DCA /* Build configuration list for PBXNativeTarget "ProofPixUITests" */;
			buildPhases = (
				D8BAF7032B807E5700704DCA /* Sources */,
				D8BAF7042B807E5700704DCA /* Frameworks */,
				D8BAF7052B807E5700704DCA /* Resources */,
			);
			buildRules = (
			);
			dependencies = (
				D8BAF7092B807E5700704DCA /* PBXTargetDependency */,
			);
			name = ProofPixUITests;
			productName = ProofPixUITests;
			productReference = D8BAF7072B807E5700704DCA /* ProofPixUITests.xctest */;
			productType = "com.apple.product-type.bundle.ui-testing";
		};
/* End PBXNativeTarget section */

/* Begin PBXProject section */
		D8BAF6E02B807E5400704DCA /* Project object */ = {
			isa = PBXProject;
			attributes = {
				BuildIndependentTargetsInParallel = 1;
				LastSwiftUpdateCheck = 1430;
				LastUpgradeCheck = 1430;
				TargetAttributes = {
					D8BAF6E72B807E5400704DCA = {
						CreatedOnToolsVersion = 14.3.1;
					};
					D8BAF6FC2B807E5700704DCA = {
						CreatedOnToolsVersion = 14.3.1;
						TestTargetID = D8BAF6E72B807E5400704DCA;
					};
					D8BAF7062B807E5700704DCA = {
						CreatedOnToolsVersion = 14.3.1;
						TestTargetID = D8BAF6E72B807E5400704DCA;
					};
				};
			};
			buildConfigurationList = D8BAF6E32B807E5400704DCA /* Build configuration list for PBXProject "ProofPix" */;
			compatibilityVersion = "Xcode 14.0";
			developmentRegion = en;
			hasScannedForEncodings = 0;
			knownRegions = (
				en,
				Base,
			);
			mainGroup = D8BAF6DF2B807E5400704DCA;
			productRefGroup = D8BAF6E92B807E5400704DCA /* Products */;
			projectDirPath = "";
			projectRoot = "";
			targets = (
				D8BAF6E72B807E5400704DCA /* ProofPix */,
				D8BAF6FC2B807E5700704DCA /* ProofPixTests */,
				D8BAF7062B807E5700704DCA /* ProofPixUITests */,
			);
		};
/* End PBXProject section */

/* Begin PBXResourcesBuildPhase section */
		D8BAF6E62B807E5400704DCA /* Resources */ = {
			isa = PBXResourcesBuildPhase;
			buildActionMask = 2147483647;
			files = (
				D8BAF6F32B807E5600704DCA /* Preview Assets.xcassets in Resources */,
				D8BAF6F02B807E5600704DCA /* Assets.xcassets in Resources */,
			);
			runOnlyForDeploymentPostprocessing = 0;
		};
		D8BAF6FB2B807E5700704DCA /* Resources */ = {
			isa = PBXResourcesBuildPhase;
			buildActionMask = 2147483647;
			files = (
			);
			runOnlyForDeploymentPostprocessing = 0;
		};
		D8BAF7052B807E5700704DCA /* Resources */ = {
			isa = PBXResourcesBuildPhase;
			buildActionMask = 2147483647;
			files = (
			);
			runOnlyForDeploymentPostprocessing = 0;
		};
/* End PBXResourcesBuildPhase section */

/* Begin PBXSourcesBuildPhase section */
		D8BAF6E42B807E5400704DCA /* Sources */ = {
			isa = PBXSourcesBuildPhase;
			buildActionMask = 2147483647;
			files = (
				D8BAF6F82B807E5600704DCA /* ProofPix.xcdatamodeld in Sources */,
				D8BAF71E2B80C8C800704DCA /* SecureEnclaveManager.swift in Sources */,
				D8BAF6F52B807E5600704DCA /* Persistence.swift in Sources */,
				D8BAF6EE2B807E5400704DCA /* ContentView.swift in Sources */,
				D8BAF6EC2B807E5400704DCA /* ProofPixApp.swift in Sources */,
				D8BAF71C2B80853400704DCA /* CameraViewController.swift in Sources */,
			);
			runOnlyForDeploymentPostprocessing = 0;
		};
		D8BAF6F92B807E5700704DCA /* Sources */ = {
			isa = PBXSourcesBuildPhase;
			buildActionMask = 2147483647;
			files = (
				D8BAF7022B807E5700704DCA /* ProofPixTests.swift in Sources */,
			);
			runOnlyForDeploymentPostprocessing = 0;
		};
		D8BAF7032B807E5700704DCA /* Sources */ = {
			isa = PBXSourcesBuildPhase;
			buildActionMask = 2147483647;
			files = (
				D8BAF70E2B807E5700704DCA /* ProofPixUITestsLaunchTests.swift in Sources */,
				D8BAF70C2B807E5700704DCA /* ProofPixUITests.swift in Sources */,
			);
			runOnlyForDeploymentPostprocessing = 0;
		};
/* End PBXSourcesBuildPhase section */

/* Begin PBXTargetDependency section */
		D8BAF6FF2B807E5700704DCA /* PBXTargetDependency */ = {
			isa = PBXTargetDependency;
			target = D8BAF6E72B807E5400704DCA /* ProofPix */;
			targetProxy = D8BAF6FE2B807E5700704DCA /* PBXContainerItemProxy */;
		};
		D8BAF7092B807E5700704DCA /* PBXTargetDependency */ = {
			isa = PBXTargetDependency;
			target = D8BAF6E72B807E5400704DCA /* ProofPix */;
			targetProxy = D8BAF7082B807E5700704DCA /* PBXContainerItemProxy */;
		};
/* End PBXTargetDependency section */

/* Begin XCBuildConfiguration section */
		D8BAF70F2B807E5700704DCA /* Debug */ = {
			isa = XCBuildConfiguration;
			buildSettings = {
				ALWAYS_SEARCH_USER_PATHS = NO;
				CLANG_ANALYZER_NONNULL = YES;
				CLANG_ANALYZER_NUMBER_OBJECT_CONVERSION = YES_AGGRESSIVE;
				CLANG_CXX_LANGUAGE_STANDARD = "gnu++20";
				CLANG_ENABLE_MODULES = YES;
				CLANG_ENABLE_OBJC_ARC = YES;
				CLANG_ENABLE_OBJC_WEAK = YES;
				CLANG_WARN_BLOCK_CAPTURE_AUTORELEASING = YES;
				CLANG_WARN_BOOL_CONVERSION = YES;
				CLANG_WARN_COMMA = YES;
				CLANG_WARN_CONSTANT_CONVERSION = YES;
				CLANG_WARN_DEPRECATED_OBJC_IMPLEMENTATIONS = YES;
				CLANG_WARN_DIRECT_OBJC_ISA_USAGE = YES_ERROR;
				CLANG_WARN_DOCUMENTATION_COMMENTS = YES;
				CLANG_WARN_EMPTY_BODY = YES;
				CLANG_WARN_ENUM_CONVERSION = YES;
				CLANG_WARN_INFINITE_RECURSION = YES;
				CLANG_WARN_INT_CONVERSION = YES;
				CLANG_WARN_NON_LITERAL_NULL_CONVERSION = YES;
				CLANG_WARN_OBJC_IMPLICIT_RETAIN_SELF = YES;
				CLANG_WARN_OBJC_LITERAL_CONVERSION = YES;
				CLANG_WARN_OBJC_ROOT_CLASS = YES_ERROR;
				CLANG_WARN_QUOTED_INCLUDE_IN_FRAMEWORK_HEADER = YES;
				CLANG_WARN_RANGE_LOOP_ANALYSIS = YES;
				CLANG_WARN_STRICT_PROTOTYPES = YES;
				CLANG_WARN_SUSPICIOUS_MOVE = YES;
				CLANG_WARN_UNGUARDED_AVAILABILITY = YES_AGGRESSIVE;
				CLANG_WARN_UNREACHABLE_CODE = YES;
				CLANG_WARN__DUPLICATE_METHOD_MATCH = YES;
				COPY_PHASE_STRIP = NO;
				DEBUG_INFORMATION_FORMAT = dwarf;
				ENABLE_STRICT_OBJC_MSGSEND = YES;
				ENABLE_TESTABILITY = YES;
				GCC_C_LANGUAGE_STANDARD = gnu11;
				GCC_DYNAMIC_NO_PIC = NO;
				GCC_NO_COMMON_BLOCKS = YES;
				GCC_OPTIMIZATION_LEVEL = 0;
				GCC_PREPROCESSOR_DEFINITIONS = (
					"DEBUG=1",
					"$(inherited)",
				);
				GCC_WARN_64_TO_32_BIT_CONVERSION = YES;
				GCC_WARN_ABOUT_RETURN_TYPE = YES_ERROR;
				GCC_WARN_UNDECLARED_SELECTOR = YES;
				GCC_WARN_UNINITIALIZED_AUTOS = YES_AGGRESSIVE;
				GCC_WARN_UNUSED_FUNCTION = YES;
				GCC_WARN_UNUSED_VARIABLE = YES;
				IPHONEOS_DEPLOYMENT_TARGET = 16.4;
				MTL_ENABLE_DEBUG_INFO = INCLUDE_SOURCE;
				MTL_FAST_MATH = YES;
				ONLY_ACTIVE_ARCH = YES;
				SDKROOT = iphoneos;
				SWIFT_ACTIVE_COMPILATION_CONDITIONS = DEBUG;
				SWIFT_OPTIMIZATION_LEVEL = "-Onone";
			};
			name = Debug;
		};
		D8BAF7102B807E5700704DCA /* Release */ = {
			isa = XCBuildConfiguration;
			buildSettings = {
				ALWAYS_SEARCH_USER_PATHS = NO;
				CLANG_ANALYZER_NONNULL = YES;
				CLANG_ANALYZER_NUMBER_OBJECT_CONVERSION = YES_AGGRESSIVE;
				CLANG_CXX_LANGUAGE_STANDARD = "gnu++20";
				CLANG_ENABLE_MODULES = YES;
				CLANG_ENABLE_OBJC_ARC = YES;
				CLANG_ENABLE_OBJC_WEAK = YES;
				CLANG_WARN_BLOCK_CAPTURE_AUTORELEASING = YES;
				CLANG_WARN_BOOL_CONVERSION = YES;
				CLANG_WARN_COMMA = YES;
				CLANG_WARN_CONSTANT_CONVERSION = YES;
				CLANG_WARN_DEPRECATED_OBJC_IMPLEMENTATIONS = YES;
				CLANG_WARN_DIRECT_OBJC_ISA_USAGE = YES_ERROR;
				CLANG_WARN_DOCUMENTATION_COMMENTS = YES;
				CLANG_WARN_EMPTY_BODY = YES;
				CLANG_WARN_ENUM_CONVERSION = YES;
				CLANG_WARN_INFINITE_RECURSION = YES;
				CLANG_WARN_INT_CONVERSION = YES;
				CLANG_WARN_NON_LITERAL_NULL_CONVERSION = YES;
				CLANG_WARN_OBJC_IMPLICIT_RETAIN_SELF = YES;
				CLANG_WARN_OBJC_LITERAL_CONVERSION = YES;
				CLANG_WARN_OBJC_ROOT_CLASS = YES_ERROR;
				CLANG_WARN_QUOTED_INCLUDE_IN_FRAMEWORK_HEADER = YES;
				CLANG_WARN_RANGE_LOOP_ANALYSIS = YES;
				CLANG_WARN_STRICT_PROTOTYPES = YES;
				CLANG_WARN_SUSPICIOUS_MOVE = YES;
				CLANG_WARN_UNGUARDED_AVAILABILITY = YES_AGGRESSIVE;
				CLANG_WARN_UNREACHABLE_CODE = YES;
				CLANG_WARN__DUPLICATE_METHOD_MATCH = YES;
				COPY_PHASE_STRIP = NO;
				DEBUG_INFORMATION_FORMAT = "dwarf-with-dsym";
				ENABLE_NS_ASSERTIONS = NO;
				ENABLE_STRICT_OBJC_MSGSEND = YES;
				GCC_C_LANGUAGE_STANDARD = gnu11;
				GCC_NO_COMMON_BLOCKS = YES;
				GCC_WARN_64_TO_32_BIT_CONVERSION = YES;
				GCC_WARN_ABOUT_RETURN_TYPE = YES_ERROR;
				GCC_WARN_UNDECLARED_SELECTOR = YES;
				GCC_WARN_UNINITIALIZED_AUTOS = YES_AGGRESSIVE;
				GCC_WARN_UNUSED_FUNCTION = YES;
				GCC_WARN_UNUSED_VARIABLE = YES;
				IPHONEOS_DEPLOYMENT_TARGET = 16.4;
				MTL_ENABLE_DEBUG_INFO = NO;
				MTL_FAST_MATH = YES;
				SDKROOT = iphoneos;
				SWIFT_COMPILATION_MODE = wholemodule;
				SWIFT_OPTIMIZATION_LEVEL = "-O";
				VALIDATE_PRODUCT = YES;
			};
			name = Release;
		};
		D8BAF7122B807E5700704DCA /* Debug */ = {
			isa = XCBuildConfiguration;
			buildSettings = {
				ASSETCATALOG_COMPILER_APPICON_NAME = AppIcon;
				ASSETCATALOG_COMPILER_GLOBAL_ACCENT_COLOR_NAME = AccentColor;
				CODE_SIGN_STYLE = Automatic;
				CURRENT_PROJECT_VERSION = 1;
				DEVELOPMENT_ASSET_PATHS = "\"ProofPix/Preview Content\"";
				DEVELOPMENT_TEAM = JS2NN5XX7S;
				ENABLE_PREVIEWS = YES;
				GENERATE_INFOPLIST_FILE = YES;
				INFOPLIST_FILE = ProofPix/Info.plist;
				INFOPLIST_KEY_CFBundleDisplayName = ProofPix;
				INFOPLIST_KEY_LSApplicationCategoryType = "public.app-category.photography";
				INFOPLIST_KEY_UIApplicationSceneManifest_Generation = YES;
				INFOPLIST_KEY_UIApplicationSupportsIndirectInputEvents = YES;
				INFOPLIST_KEY_UILaunchScreen_Generation = YES;
				INFOPLIST_KEY_UISupportedInterfaceOrientations = UIInterfaceOrientationPortrait;
				LD_RUNPATH_SEARCH_PATHS = (
					"$(inherited)",
					"@executable_path/Frameworks",
				);
				MARKETING_VERSION = 1.0;
				PRODUCT_BUNDLE_IDENTIFIER = app.sofiane.ProofPix;
				PRODUCT_NAME = "$(TARGET_NAME)";
				SWIFT_EMIT_LOC_STRINGS = YES;
				SWIFT_VERSION = 5.0;
				TARGETED_DEVICE_FAMILY = 1;
			};
			name = Debug;
		};
		D8BAF7132B807E5700704DCA /* Release */ = {
			isa = XCBuildConfiguration;
			buildSettings = {
				ASSETCATALOG_COMPILER_APPICON_NAME = AppIcon;
				ASSETCATALOG_COMPILER_GLOBAL_ACCENT_COLOR_NAME = AccentColor;
				CODE_SIGN_STYLE = Automatic;
				CURRENT_PROJECT_VERSION = 1;
				DEVELOPMENT_ASSET_PATHS = "\"ProofPix/Preview Content\"";
				DEVELOPMENT_TEAM = JS2NN5XX7S;
				ENABLE_PREVIEWS = YES;
				GENERATE_INFOPLIST_FILE = YES;
				INFOPLIST_FILE = ProofPix/Info.plist;
				INFOPLIST_KEY_CFBundleDisplayName = ProofPix;
				INFOPLIST_KEY_LSApplicationCategoryType = "public.app-category.photography";
				INFOPLIST_KEY_UIApplicationSceneManifest_Generation = YES;
				INFOPLIST_KEY_UIApplicationSupportsIndirectInputEvents = YES;
				INFOPLIST_KEY_UILaunchScreen_Generation = YES;
				INFOPLIST_KEY_UISupportedInterfaceOrientations = UIInterfaceOrientationPortrait;
				LD_RUNPATH_SEARCH_PATHS = (
					"$(inherited)",
					"@executable_path/Frameworks",
				);
				MARKETING_VERSION = 1.0;
				PRODUCT_BUNDLE_IDENTIFIER = app.sofiane.ProofPix;
				PRODUCT_NAME = "$(TARGET_NAME)";
				SWIFT_EMIT_LOC_STRINGS = YES;
				SWIFT_VERSION = 5.0;
				TARGETED_DEVICE_FAMILY = 1;
			};
			name = Release;
		};
		D8BAF7152B807E5700704DCA /* Debug */ = {
			isa = XCBuildConfiguration;
			buildSettings = {
				ALWAYS_EMBED_SWIFT_STANDARD_LIBRARIES = YES;
				BUNDLE_LOADER = "$(TEST_HOST)";
				CODE_SIGN_STYLE = Automatic;
				CURRENT_PROJECT_VERSION = 1;
				DEVELOPMENT_TEAM = JS2NN5XX7S;
				GENERATE_INFOPLIST_FILE = YES;
				IPHONEOS_DEPLOYMENT_TARGET = 16.4;
				MARKETING_VERSION = 1.0;
				PRODUCT_BUNDLE_IDENTIFIER = app.sofiane.ProofPixTests;
				PRODUCT_NAME = "$(TARGET_NAME)";
				SWIFT_EMIT_LOC_STRINGS = NO;
				SWIFT_VERSION = 5.0;
				TARGETED_DEVICE_FAMILY = "1,2";
				TEST_HOST = "$(BUILT_PRODUCTS_DIR)/ProofPix.app/$(BUNDLE_EXECUTABLE_FOLDER_PATH)/ProofPix";
			};
			name = Debug;
		};
		D8BAF7162B807E5700704DCA /* Release */ = {
			isa = XCBuildConfiguration;
			buildSettings = {
				ALWAYS_EMBED_SWIFT_STANDARD_LIBRARIES = YES;
				BUNDLE_LOADER = "$(TEST_HOST)";
				CODE_SIGN_STYLE = Automatic;
				CURRENT_PROJECT_VERSION = 1;
				DEVELOPMENT_TEAM = JS2NN5XX7S;
				GENERATE_INFOPLIST_FILE = YES;
				IPHONEOS_DEPLOYMENT_TARGET = 16.4;
				MARKETING_VERSION = 1.0;
				PRODUCT_BUNDLE_IDENTIFIER = app.sofiane.ProofPixTests;
				PRODUCT_NAME = "$(TARGET_NAME)";
				SWIFT_EMIT_LOC_STRINGS = NO;
				SWIFT_VERSION = 5.0;
				TARGETED_DEVICE_FAMILY = "1,2";
				TEST_HOST = "$(BUILT_PRODUCTS_DIR)/ProofPix.app/$(BUNDLE_EXECUTABLE_FOLDER_PATH)/ProofPix";
			};
			name = Release;
		};
		D8BAF7182B807E5700704DCA /* Debug */ = {
			isa = XCBuildConfiguration;
			buildSettings = {
				ALWAYS_EMBED_SWIFT_STANDARD_LIBRARIES = YES;
				CODE_SIGN_STYLE = Automatic;
				CURRENT_PROJECT_VERSION = 1;
				DEVELOPMENT_TEAM = JS2NN5XX7S;
				GENERATE_INFOPLIST_FILE = YES;
				MARKETING_VERSION = 1.0;
				PRODUCT_BUNDLE_IDENTIFIER = app.sofiane.ProofPixUITests;
				PRODUCT_NAME = "$(TARGET_NAME)";
				SWIFT_EMIT_LOC_STRINGS = NO;
				SWIFT_VERSION = 5.0;
				TARGETED_DEVICE_FAMILY = "1,2";
				TEST_TARGET_NAME = ProofPix;
			};
			name = Debug;
		};
		D8BAF7192B807E5700704DCA /* Release */ = {
			isa = XCBuildConfiguration;
			buildSettings = {
				ALWAYS_EMBED_SWIFT_STANDARD_LIBRARIES = YES;
				CODE_SIGN_STYLE = Automatic;
				CURRENT_PROJECT_VERSION = 1;
				DEVELOPMENT_TEAM = JS2NN5XX7S;
				GENERATE_INFOPLIST_FILE = YES;
				MARKETING_VERSION = 1.0;
				PRODUCT_BUNDLE_IDENTIFIER = app.sofiane.ProofPixUITests;
				PRODUCT_NAME = "$(TARGET_NAME)";
				SWIFT_EMIT_LOC_STRINGS = NO;
				SWIFT_VERSION = 5.0;
				TARGETED_DEVICE_FAMILY = "1,2";
				TEST_TARGET_NAME = ProofPix;
			};
			name = Release;
		};
/* End XCBuildConfiguration section */

/* Begin XCConfigurationList section */
		D8BAF6E32B807E5400704DCA /* Build configuration list for PBXProject "ProofPix" */ = {
			isa = XCConfigurationList;
			buildConfigurations = (
				D8BAF70F2B807E5700704DCA /* Debug */,
				D8BAF7102B807E5700704DCA /* Release */,
			);
			defaultConfigurationIsVisible = 0;
			defaultConfigurationName = Release;
		};
		D8BAF7112B807E5700704DCA /* Build configuration list for PBXNativeTarget "ProofPix" */ = {
			isa = XCConfigurationList;
			buildConfigurations = (
				D8BAF7122B807E5700704DCA /* Debug */,
				D8BAF7132B807E5700704DCA /* Release */,
			);
			defaultConfigurationIsVisible = 0;
			defaultConfigurationName = Release;
		};
		D8BAF7142B807E5700704DCA /* Build configuration list for PBXNativeTarget "ProofPixTests" */ = {
			isa = XCConfigurationList;
			buildConfigurations = (
				D8BAF7152B807E5700704DCA /* Debug */,
				D8BAF7162B807E5700704DCA /* Release */,
			);
			defaultConfigurationIsVisible = 0;
			defaultConfigurationName = Release;
		};
		D8BAF7172B807E5700704DCA /* Build configuration list for PBXNativeTarget "ProofPixUITests" */ = {
			isa = XCConfigurationList;
			buildConfigurations = (
				D8BAF7182B807E5700704DCA /* Debug */,
				D8BAF7192B807E5700704DCA /* Release */,
			);
			defaultConfigurationIsVisible = 0;
			defaultConfigurationName = Release;
		};
/* End XCConfigurationList section */

/* Begin XCVersionGroup section */
		D8BAF6F62B807E5600704DCA /* ProofPix.xcdatamodeld */ = {
			isa = XCVersionGroup;
			children = (
				D8BAF6F72B807E5600704DCA /* ProofPix.xcdatamodel */,
			);
			currentVersion = D8BAF6F72B807E5600704DCA /* ProofPix.xcdatamodel */;
			path = ProofPix.xcdatamodeld;
			sourceTree = "<group>";
			versionGroupType = wrapper.xcdatamodel;
		};
/* End XCVersionGroup section */
	};
	rootObject = D8BAF6E02B807E5400704DCA /* Project object */;
}
